# THIS IS AN AUTOGENERATED FILE. DO NOT EDIT THIS FILE DIRECTLY.
# yarn lockfile v1


bluebird@^3.3.4:
  version "3.5.0"
  resolved "https://repo.freeletics.com/artifactory/api/npm/npm-registry/bluebird/-/bluebird-3.5.0.tgz#791420d7f551eea2897453a8a77653f96606d67c"

cluster-key-slot@^1.0.6:
  version "1.0.8"
  resolved "https://repo.freeletics.com/artifactory/api/npm/npm-registry/cluster-key-slot/-/cluster-key-slot-1.0.8.tgz#7654556085a65330932a2e8b5976f8e2d0b3e414"

debug@^2.2.0:
  version "2.6.8"
  resolved "https://repo.freeletics.com/artifactory/api/npm/npm-registry/debug/-/debug-2.6.8.tgz#e731531ca2ede27d188222427da17821d68ff4fc"
  dependencies:
    ms "2.0.0"

denque@^1.1.0:
  version "1.1.1"
  resolved "https://repo.freeletics.com/artifactory/api/npm/npm-registry/denque/-/denque-1.1.1.tgz#10229c2b88eec1bd15ff82c5fde356e7beb6db9e"

flexbuffer@0.0.6:
  version "0.0.6"
  resolved "https://repo.freeletics.com/artifactory/api/npm/npm-registry/flexbuffer/-/flexbuffer-0.0.6.tgz#039fdf23f8823e440c38f3277e6fef1174215b30"

ioredis@^3.1.1:
  version "3.1.1"
  resolved "https://repo.freeletics.com/artifactory/api/npm/npm-registry/ioredis/-/ioredis-3.1.1.tgz#cc2f1d3232b8c95cc153046bce168f2baa1186e8"
  dependencies:
    bluebird "^3.3.4"
    cluster-key-slot "^1.0.6"
    debug "^2.2.0"
    denque "^1.1.0"
    flexbuffer "0.0.6"
    lodash "^4.8.2"
    redis-commands "^1.2.0"
    redis-parser "^2.4.0"

lodash@^4.8.2:
  version "4.17.4"
  resolved "https://repo.freeletics.com/artifactory/api/npm/npm-registry/lodash/-/lodash-4.17.4.tgz#78203a4d1c328ae1d86dca6460e369b57f4055ae"

ms@2.0.0:
  version "2.0.0"
  resolved "https://repo.freeletics.com/artifactory/api/npm/npm-registry/ms/-/ms-2.0.0.tgz#5608aeadfc00be6c2901df5f9861788de0d597c8"

redis-commands@^1.2.0:
  version "1.3.1"
  resolved "https://repo.freeletics.com/artifactory/api/npm/npm-registry/redis-commands/-/redis-commands-1.3.1.tgz#81d826f45fa9c8b2011f4cd7a0fe597d241d442b"

redis-parser@^2.4.0:
  version "2.6.0"
  resolved "https://repo.freeletics.com/artifactory/api/npm/npm-registry/redis-parser/-/redis-parser-2.6.0.tgz#52ed09dacac108f1a631c07e9b69941e7a19504b"
